
Microsoft Visual Studio Solution File, Format Version 12.00
# Visual Studio 15
VisualStudioVersion = 15.0.26124.0
MinimumVisualStudioVersion = 15.0.26124.0
Project("{FAE04EC0-301F-11D3-BF4B-00C04F79EFBC}") = "JobSity.ChatApp.Api", "JobSity.ChatApp.Api\JobSity.ChatApp.Api.csproj", "{7882F577-7495-4AEA-95CA-7C567E8FE7FF}"
EndProject
Project("{FAE04EC0-301F-11D3-BF4B-00C04F79EFBC}") = "JobSity.ChatApp.Core", "JobSity.ChatApp.Core\JobSity.ChatApp.Core.csproj", "{5D5EF9BD-5CE5-439A-9124-317F0D21E08B}"
EndProject
Project("{FAE04EC0-301F-11D3-BF4B-00C04F79EFBC}") = "JobSity.ChatApp.Infrastructure", "JobSity.ChatApp.Infrastructure\JobSity.ChatApp.Infrastructure.csproj", "{27D1FAEB-B57E-4744-AB23-BFA5882B61D7}"
EndProject
Project("{FAE04EC0-301F-11D3-BF4B-00C04F79EFBC}") = "JobSity.ChatApp.IdentityServer", "JobSity.ChatApp.IdentityServer\JobSity.ChatApp.IdentityServer.csproj", "{A8A5DC30-C3BE-4CF2-A388-A19DA835C98B}"
EndProject
Project("{FAE04EC0-301F-11D3-BF4B-00C04F79EFBC}") = "JobSity.ChatApp.WebApp", "JobSity.ChatApp.WebApp\JobSity.ChatApp.WebApp.csproj", "{666272FE-7942-4967-ABAA-CBE64D86797F}"
EndProject
Project("{FAE04EC0-301F-11D3-BF4B-00C04F79EFBC}") = "JobSity.ChatApp.Bot", "JobSity.ChatApp.Bot\JobSity.ChatApp.Bot.csproj", "{0C1FDEF6-A4B4-4FFB-ADC9-646320A53B11}"
EndProject
Project("{FAE04EC0-301F-11D3-BF4B-00C04F79EFBC}") = "JobSity.ChatApp.Test", "JobSity.ChatApp.Test\JobSity.ChatApp.Test.csproj", "{6B28BAF1-5AD1-40B4-83A1-5E1FD78AD2AC}"
EndProject
Global
	GlobalSection(SolutionConfigurationPlatforms) = preSolution
		Debug|Any CPU = Debug|Any CPU
		Debug|x64 = Debug|x64
		Debug|x86 = Debug|x86
		Release|Any CPU = Release|Any CPU
		Release|x64 = Release|x64
		Release|x86 = Release|x86
	EndGlobalSection
	GlobalSection(SolutionProperties) = preSolution
		HideSolutionNode = FALSE
	EndGlobalSection
	GlobalSection(ProjectConfigurationPlatforms) = postSolution
		{7882F577-7495-4AEA-95CA-7C567E8FE7FF}.Debug|Any CPU.ActiveCfg = Debug|Any CPU
		{7882F577-7495-4AEA-95CA-7C567E8FE7FF}.Debug|Any CPU.Build.0 = Debug|Any CPU
		{7882F577-7495-4AEA-95CA-7C567E8FE7FF}.Debug|x64.ActiveCfg = Debug|Any CPU
		{7882F577-7495-4AEA-95CA-7C567E8FE7FF}.Debug|x64.Build.0 = Debug|Any CPU
		{7882F577-7495-4AEA-95CA-7C567E8FE7FF}.Debug|x86.ActiveCfg = Debug|Any CPU
		{7882F577-7495-4AEA-95CA-7C567E8FE7FF}.Debug|x86.Build.0 = Debug|Any CPU
		{7882F577-7495-4AEA-95CA-7C567E8FE7FF}.Release|Any CPU.ActiveCfg = Release|Any CPU
		{7882F577-7495-4AEA-95CA-7C567E8FE7FF}.Release|Any CPU.Build.0 = Release|Any CPU
		{7882F577-7495-4AEA-95CA-7C567E8FE7FF}.Release|x64.ActiveCfg = Release|Any CPU
		{7882F577-7495-4AEA-95CA-7C567E8FE7FF}.Release|x64.Build.0 = Release|Any CPU
		{7882F577-7495-4AEA-95CA-7C567E8FE7FF}.Release|x86.ActiveCfg = Release|Any CPU
		{7882F577-7495-4AEA-95CA-7C567E8FE7FF}.Release|x86.Build.0 = Release|Any CPU
		{5D5EF9BD-5CE5-439A-9124-317F0D21E08B}.Debug|Any CPU.ActiveCfg = Debug|Any CPU
		{5D5EF9BD-5CE5-439A-9124-317F0D21E08B}.Debug|Any CPU.Build.0 = Debug|Any CPU
		{5D5EF9BD-5CE5-439A-9124-317F0D21E08B}.Debug|x64.ActiveCfg = Debug|Any CPU
		{5D5EF9BD-5CE5-439A-9124-317F0D21E08B}.Debug|x64.Build.0 = Debug|Any CPU
		{5D5EF9BD-5CE5-439A-9124-317F0D21E08B}.Debug|x86.ActiveCfg = Debug|Any CPU
		{5D5EF9BD-5CE5-439A-9124-317F0D21E08B}.Debug|x86.Build.0 = Debug|Any CPU
		{5D5EF9BD-5CE5-439A-9124-317F0D21E08B}.Release|Any CPU.ActiveCfg = Release|Any CPU
		{5D5EF9BD-5CE5-439A-9124-317F0D21E08B}.Release|Any CPU.Build.0 = Release|Any CPU
		{5D5EF9BD-5CE5-439A-9124-317F0D21E08B}.Release|x64.ActiveCfg = Release|Any CPU
		{5D5EF9BD-5CE5-439A-9124-317F0D21E08B}.Release|x64.Build.0 = Release|Any CPU
		{5D5EF9BD-5CE5-439A-9124-317F0D21E08B}.Release|x86.ActiveCfg = Release|Any CPU
		{5D5EF9BD-5CE5-439A-9124-317F0D21E08B}.Release|x86.Build.0 = Release|Any CPU
		{27D1FAEB-B57E-4744-AB23-BFA5882B61D7}.Debug|Any CPU.ActiveCfg = Debug|Any CPU
		{27D1FAEB-B57E-4744-AB23-BFA5882B61D7}.Debug|Any CPU.Build.0 = Debug|Any CPU
		{27D1FAEB-B57E-4744-AB23-BFA5882B61D7}.Debug|x64.ActiveCfg = Debug|Any CPU
		{27D1FAEB-B57E-4744-AB23-BFA5882B61D7}.Debug|x64.Build.0 = Debug|Any CPU
		{27D1FAEB-B57E-4744-AB23-BFA5882B61D7}.Debug|x86.ActiveCfg = Debug|Any CPU
		{27D1FAEB-B57E-4744-AB23-BFA5882B61D7}.Debug|x86.Build.0 = Debug|Any CPU
		{27D1FAEB-B57E-4744-AB23-BFA5882B61D7}.Release|Any CPU.ActiveCfg = Release|Any CPU
		{27D1FAEB-B57E-4744-AB23-BFA5882B61D7}.Release|Any CPU.Build.0 = Release|Any CPU
		{27D1FAEB-B57E-4744-AB23-BFA5882B61D7}.Release|x64.ActiveCfg = Release|Any CPU
		{27D1FAEB-B57E-4744-AB23-BFA5882B61D7}.Release|x64.Build.0 = Release|Any CPU
		{27D1FAEB-B57E-4744-AB23-BFA5882B61D7}.Release|x86.ActiveCfg = Release|Any CPU
		{27D1FAEB-B57E-4744-AB23-BFA5882B61D7}.Release|x86.Build.0 = Release|Any CPU
		{A8A5DC30-C3BE-4CF2-A388-A19DA835C98B}.Debug|Any CPU.ActiveCfg = Debug|Any CPU
		{A8A5DC30-C3BE-4CF2-A388-A19DA835C98B}.Debug|Any CPU.Build.0 = Debug|Any CPU
		{A8A5DC30-C3BE-4CF2-A388-A19DA835C98B}.Debug|x64.ActiveCfg = Debug|Any CPU
		{A8A5DC30-C3BE-4CF2-A388-A19DA835C98B}.Debug|x64.Build.0 = Debug|Any CPU
		{A8A5DC30-C3BE-4CF2-A388-A19DA835C98B}.Debug|x86.ActiveCfg = Debug|Any CPU
		{A8A5DC30-C3BE-4CF2-A388-A19DA835C98B}.Debug|x86.Build.0 = Debug|Any CPU
		{A8A5DC30-C3BE-4CF2-A388-A19DA835C98B}.Release|Any CPU.ActiveCfg = Release|Any CPU
		{A8A5DC30-C3BE-4CF2-A388-A19DA835C98B}.Release|Any CPU.Build.0 = Release|Any CPU
		{A8A5DC30-C3BE-4CF2-A388-A19DA835C98B}.Release|x64.ActiveCfg = Release|Any CPU
		{A8A5DC30-C3BE-4CF2-A388-A19DA835C98B}.Release|x64.Build.0 = Release|Any CPU
		{A8A5DC30-C3BE-4CF2-A388-A19DA835C98B}.Release|x86.ActiveCfg = Release|Any CPU
		{A8A5DC30-C3BE-4CF2-A388-A19DA835C98B}.Release|x86.Build.0 = Release|Any CPU
		{666272FE-7942-4967-ABAA-CBE64D86797F}.Debug|Any CPU.ActiveCfg = Debug|Any CPU
		{666272FE-7942-4967-ABAA-CBE64D86797F}.Debug|Any CPU.Build.0 = Debug|Any CPU
		{666272FE-7942-4967-ABAA-CBE64D86797F}.Debug|x64.ActiveCfg = Debug|Any CPU
		{666272FE-7942-4967-ABAA-CBE64D86797F}.Debug|x64.Build.0 = Debug|Any CPU
		{666272FE-7942-4967-ABAA-CBE64D86797F}.Debug|x86.ActiveCfg = Debug|Any CPU
		{666272FE-7942-4967-ABAA-CBE64D86797F}.Debug|x86.Build.0 = Debug|Any CPU
		{666272FE-7942-4967-ABAA-CBE64D86797F}.Release|Any CPU.ActiveCfg = Release|Any CPU
		{666272FE-7942-4967-ABAA-CBE64D86797F}.Release|Any CPU.Build.0 = Release|Any CPU
		{666272FE-7942-4967-ABAA-CBE64D86797F}.Release|x64.ActiveCfg = Release|Any CPU
		{666272FE-7942-4967-ABAA-CBE64D86797F}.Release|x64.Build.0 = Release|Any CPU
		{666272FE-7942-4967-ABAA-CBE64D86797F}.Release|x86.ActiveCfg = Release|Any CPU
		{666272FE-7942-4967-ABAA-CBE64D86797F}.Release|x86.Build.0 = Release|Any CPU
		{0C1FDEF6-A4B4-4FFB-ADC9-646320A53B11}.Debug|Any CPU.ActiveCfg = Debug|Any CPU
		{0C1FDEF6-A4B4-4FFB-ADC9-646320A53B11}.Debug|Any CPU.Build.0 = Debug|Any CPU
		{0C1FDEF6-A4B4-4FFB-ADC9-646320A53B11}.Debug|x64.ActiveCfg = Debug|Any CPU
		{0C1FDEF6-A4B4-4FFB-ADC9-646320A53B11}.Debug|x64.Build.0 = Debug|Any CPU
		{0C1FDEF6-A4B4-4FFB-ADC9-646320A53B11}.Debug|x86.ActiveCfg = Debug|Any CPU
		{0C1FDEF6-A4B4-4FFB-ADC9-646320A53B11}.Debug|x86.Build.0 = Debug|Any CPU
		{0C1FDEF6-A4B4-4FFB-ADC9-646320A53B11}.Release|Any CPU.ActiveCfg = Release|Any CPU
		{0C1FDEF6-A4B4-4FFB-ADC9-646320A53B11}.Release|Any CPU.Build.0 = Release|Any CPU
		{0C1FDEF6-A4B4-4FFB-ADC9-646320A53B11}.Release|x64.ActiveCfg = Release|Any CPU
		{0C1FDEF6-A4B4-4FFB-ADC9-646320A53B11}.Release|x64.Build.0 = Release|Any CPU
		{0C1FDEF6-A4B4-4FFB-ADC9-646320A53B11}.Release|x86.ActiveCfg = Release|Any CPU
		{0C1FDEF6-A4B4-4FFB-ADC9-646320A53B11}.Release|x86.Build.0 = Release|Any CPU
		{6B28BAF1-5AD1-40B4-83A1-5E1FD78AD2AC}.Debug|Any CPU.ActiveCfg = Debug|Any CPU
		{6B28BAF1-5AD1-40B4-83A1-5E1FD78AD2AC}.Debug|Any CPU.Build.0 = Debug|Any CPU
		{6B28BAF1-5AD1-40B4-83A1-5E1FD78AD2AC}.Debug|x64.ActiveCfg = Debug|Any CPU
		{6B28BAF1-5AD1-40B4-83A1-5E1FD78AD2AC}.Debug|x64.Build.0 = Debug|Any CPU
		{6B28BAF1-5AD1-40B4-83A1-5E1FD78AD2AC}.Debug|x86.ActiveCfg = Debug|Any CPU
		{6B28BAF1-5AD1-40B4-83A1-5E1FD78AD2AC}.Debug|x86.Build.0 = Debug|Any CPU
		{6B28BAF1-5AD1-40B4-83A1-5E1FD78AD2AC}.Release|Any CPU.ActiveCfg = Release|Any CPU
		{6B28BAF1-5AD1-40B4-83A1-5E1FD78AD2AC}.Release|Any CPU.Build.0 = Release|Any CPU
		{6B28BAF1-5AD1-40B4-83A1-5E1FD78AD2AC}.Release|x64.ActiveCfg = Release|Any CPU
		{6B28BAF1-5AD1-40B4-83A1-5E1FD78AD2AC}.Release|x64.Build.0 = Release|Any CPU
		{6B28BAF1-5AD1-40B4-83A1-5E1FD78AD2AC}.Release|x86.ActiveCfg = Release|Any CPU
		{6B28BAF1-5AD1-40B4-83A1-5E1FD78AD2AC}.Release|x86.Build.0 = Release|Any CPU
	EndGlobalSection
EndGlobal
